// !$*UTF8*$!
{
	archiveVersion = 1;
	classes = {
	};
	objectVersion = 46;
	objects = {

/* Begin PBXBuildFile section */
		A9042CAC197F67AA0075317D /* overlayView.xib in Resources */ = {isa = PBXBuildFile; fileRef = A9042CAB197F67AA0075317D /* overlayView.xib */; };
		A9042CF3198472A50075317D /* XYZCameraViewController.m in Sources */ = {isa = PBXBuildFile; fileRef = A9042CF1198472A50075317D /* XYZCameraViewController.m */; };
		A9042CF4198472A50075317D /* XYZCameraViewController.xib in Resources */ = {isa = PBXBuildFile; fileRef = A9042CF2198472A50075317D /* XYZCameraViewController.xib */; };
		A9042CF61984744E0075317D /* AVFoundation.framework in Frameworks */ = {isa = PBXBuildFile; fileRef = A9042CF51984744E0075317D /* AVFoundation.framework */; };
		A914FE6F198586D4005B9FD8 /* XYZPhotoViewController.m in Sources */ = {isa = PBXBuildFile; fileRef = A914FE6E198586D4005B9FD8 /* XYZPhotoViewController.m */; };
		A95771441974E615008FE243 /* Main.storyboard in Resources */ = {isa = PBXBuildFile; fileRef = A95771431974E615008FE243 /* Main.storyboard */; };
		A957714A1974F2BE008FE243 /* XYZToDoListTableViewController.m in Sources */ = {isa = PBXBuildFile; fileRef = A95771491974F2BE008FE243 /* XYZToDoListTableViewController.m */; };
		A957714D1974F5A2008FE243 /* XYZToDoItem.m in Sources */ = {isa = PBXBuildFile; fileRef = A957714C1974F5A2008FE243 /* XYZToDoItem.m */; };
		A959790119736A5D00CDD9B4 /* Foundation.framework in Frameworks */ = {isa = PBXBuildFile; fileRef = A959790019736A5D00CDD9B4 /* Foundation.framework */; };
		A959790319736A5D00CDD9B4 /* CoreGraphics.framework in Frameworks */ = {isa = PBXBuildFile; fileRef = A959790219736A5D00CDD9B4 /* CoreGraphics.framework */; };
		A959790519736A5D00CDD9B4 /* UIKit.framework in Frameworks */ = {isa = PBXBuildFile; fileRef = A959790419736A5D00CDD9B4 /* UIKit.framework */; };
		A959790B19736A5D00CDD9B4 /* InfoPlist.strings in Resources */ = {isa = PBXBuildFile; fileRef = A959790919736A5D00CDD9B4 /* InfoPlist.strings */; };
		A959790D19736A5D00CDD9B4 /* main.m in Sources */ = {isa = PBXBuildFile; fileRef = A959790C19736A5D00CDD9B4 /* main.m */; };
		A959791119736A5D00CDD9B4 /* XYZAppDelegate.m in Sources */ = {isa = PBXBuildFile; fileRef = A959791019736A5D00CDD9B4 /* XYZAppDelegate.m */; };
		A959791319736A5D00CDD9B4 /* Images.xcassets in Resources */ = {isa = PBXBuildFile; fileRef = A959791219736A5D00CDD9B4 /* Images.xcassets */; };
		A959791A19736A5D00CDD9B4 /* XCTest.framework in Frameworks */ = {isa = PBXBuildFile; fileRef = A959791919736A5D00CDD9B4 /* XCTest.framework */; };
		A959791B19736A5D00CDD9B4 /* Foundation.framework in Frameworks */ = {isa = PBXBuildFile; fileRef = A959790019736A5D00CDD9B4 /* Foundation.framework */; };
		A959791C19736A5D00CDD9B4 /* UIKit.framework in Frameworks */ = {isa = PBXBuildFile; fileRef = A959790419736A5D00CDD9B4 /* UIKit.framework */; };
		A959792419736A5D00CDD9B4 /* InfoPlist.strings in Resources */ = {isa = PBXBuildFile; fileRef = A959792219736A5D00CDD9B4 /* InfoPlist.strings */; };
		A959792619736A5D00CDD9B4 /* ToDoListObjCTests.m in Sources */ = {isa = PBXBuildFile; fileRef = A959792519736A5D00CDD9B4 /* ToDoListObjCTests.m */; };
		A96C2BCB197C6EA3004CA957 /* XYZOverlayView.m in Sources */ = {isa = PBXBuildFile; fileRef = A96C2BCA197C6EA3004CA957 /* XYZOverlayView.m */; };
		A96C2BD1197E1732004CA957 /* XYZPhotosTableViewController.m in Sources */ = {isa = PBXBuildFile; fileRef = A96C2BD0197E1732004CA957 /* XYZPhotosTableViewController.m */; };
		A96C2BD4197E19CC004CA957 /* XYZPhoto.m in Sources */ = {isa = PBXBuildFile; fileRef = A96C2BD3197E19CC004CA957 /* XYZPhoto.m */; };
		A9FC7DA5199333CA00103342 /* XYZImagePreview.m in Sources */ = {isa = PBXBuildFile; fileRef = A9FC7DA3199333CA00103342 /* XYZImagePreview.m */; };
		A9FC7DA6199333CA00103342 /* XYZImagePreview.xib in Resources */ = {isa = PBXBuildFile; fileRef = A9FC7DA4199333CA00103342 /* XYZImagePreview.xib */; };
/* End PBXBuildFile section */

/* Begin PBXContainerItemProxy section */
		A959791D19736A5D00CDD9B4 /* PBXContainerItemProxy */ = {
			isa = PBXContainerItemProxy;
			containerPortal = A95978F519736A5D00CDD9B4 /* Project object */;
			proxyType = 1;
			remoteGlobalIDString = A95978FC19736A5D00CDD9B4;
			remoteInfo = ToDoListObjC;
		};
/* End PBXContainerItemProxy section */

/* Begin PBXFileReference section */
		A9042CAB197F67AA0075317D /* overlayView.xib */ = {isa = PBXFileReference; fileEncoding = 4; lastKnownFileType = file.xib; path = overlayView.xib; sourceTree = "<group>"; };
		A9042CF0198472A50075317D /* XYZCameraViewController.h */ = {isa = PBXFileReference; fileEncoding = 4; lastKnownFileType = sourcecode.c.h; path = XYZCameraViewController.h; sourceTree = "<group>"; };
		A9042CF1198472A50075317D /* XYZCameraViewController.m */ = {isa = PBXFileReference; fileEncoding = 4; lastKnownFileType = sourcecode.c.objc; path = XYZCameraViewController.m; sourceTree = "<group>"; };
		A9042CF2198472A50075317D /* XYZCameraViewController.xib */ = {isa = PBXFileReference; fileEncoding = 4; lastKnownFileType = file.xib; path = XYZCameraViewController.xib; sourceTree = "<group>"; };
		A9042CF51984744E0075317D /* AVFoundation.framework */ = {isa = PBXFileReference; lastKnownFileType = wrapper.framework; name = AVFoundation.framework; path = System/Library/Frameworks/AVFoundation.framework; sourceTree = SDKROOT; };
		A914FE6D198586D4005B9FD8 /* XYZPhotoViewController.h */ = {isa = PBXFileReference; fileEncoding = 4; lastKnownFileType = sourcecode.c.h; path = XYZPhotoViewController.h; sourceTree = "<group>"; };
		A914FE6E198586D4005B9FD8 /* XYZPhotoViewController.m */ = {isa = PBXFileReference; fileEncoding = 4; lastKnownFileType = sourcecode.c.objc; path = XYZPhotoViewController.m; sourceTree = "<group>"; };
		A95771431974E615008FE243 /* Main.storyboard */ = {isa = PBXFileReference; fileEncoding = 4; lastKnownFileType = file.storyboard; path = Main.storyboard; sourceTree = "<group>"; };
		A95771481974F2BE008FE243 /* XYZToDoListTableViewController.h */ = {isa = PBXFileReference; fileEncoding = 4; lastKnownFileType = sourcecode.c.h; path = XYZToDoListTableViewController.h; sourceTree = "<group>"; };
		A95771491974F2BE008FE243 /* XYZToDoListTableViewController.m */ = {isa = PBXFileReference; fileEncoding = 4; lastKnownFileType = sourcecode.c.objc; path = XYZToDoListTableViewController.m; sourceTree = "<group>"; };
		A957714B1974F5A2008FE243 /* XYZToDoItem.h */ = {isa = PBXFileReference; fileEncoding = 4; lastKnownFileType = sourcecode.c.h; path = XYZToDoItem.h; sourceTree = "<group>"; };
		A957714C1974F5A2008FE243 /* XYZToDoItem.m */ = {isa = PBXFileReference; fileEncoding = 4; lastKnownFileType = sourcecode.c.objc; path = XYZToDoItem.m; sourceTree = "<group>"; };
		A95978FD19736A5D00CDD9B4 /* multiCamera.app */ = {isa = PBXFileReference; explicitFileType = wrapper.application; includeInIndex = 0; path = multiCamera.app; sourceTree = BUILT_PRODUCTS_DIR; };
		A959790019736A5D00CDD9B4 /* Foundation.framework */ = {isa = PBXFileReference; lastKnownFileType = wrapper.framework; name = Foundation.framework; path = System/Library/Frameworks/Foundation.framework; sourceTree = SDKROOT; };
		A959790219736A5D00CDD9B4 /* CoreGraphics.framework */ = {isa = PBXFileReference; lastKnownFileType = wrapper.framework; name = CoreGraphics.framework; path = System/Library/Frameworks/CoreGraphics.framework; sourceTree = SDKROOT; };
		A959790419736A5D00CDD9B4 /* UIKit.framework */ = {isa = PBXFileReference; lastKnownFileType = wrapper.framework; name = UIKit.framework; path = System/Library/Frameworks/UIKit.framework; sourceTree = SDKROOT; };
		A959790819736A5D00CDD9B4 /* multiCamera-Info.plist */ = {isa = PBXFileReference; lastKnownFileType = text.plist.xml; path = "multiCamera-Info.plist"; sourceTree = "<group>"; };
		A959790A19736A5D00CDD9B4 /* en */ = {isa = PBXFileReference; lastKnownFileType = text.plist.strings; name = en; path = en.lproj/InfoPlist.strings; sourceTree = "<group>"; };
		A959790C19736A5D00CDD9B4 /* main.m */ = {isa = PBXFileReference; lastKnownFileType = sourcecode.c.objc; path = main.m; sourceTree = "<group>"; };
		A959790E19736A5D00CDD9B4 /* CameraOverlay-Prefix.pch */ = {isa = PBXFileReference; lastKnownFileType = sourcecode.c.h; path = "CameraOverlay-Prefix.pch"; sourceTree = "<group>"; };
		A959790F19736A5D00CDD9B4 /* XYZAppDelegate.h */ = {isa = PBXFileReference; lastKnownFileType = sourcecode.c.h; path = XYZAppDelegate.h; sourceTree = "<group>"; };
		A959791019736A5D00CDD9B4 /* XYZAppDelegate.m */ = {isa = PBXFileReference; lastKnownFileType = sourcecode.c.objc; path = XYZAppDelegate.m; sourceTree = "<group>"; };
		A959791219736A5D00CDD9B4 /* Images.xcassets */ = {isa = PBXFileReference; lastKnownFileType = folder.assetcatalog; path = Images.xcassets; sourceTree = "<group>"; };
		A959791819736A5D00CDD9B4 /* multiCameraTests.xctest */ = {isa = PBXFileReference; explicitFileType = wrapper.cfbundle; includeInIndex = 0; path = multiCameraTests.xctest; sourceTree = BUILT_PRODUCTS_DIR; };
		A959791919736A5D00CDD9B4 /* XCTest.framework */ = {isa = PBXFileReference; lastKnownFileType = wrapper.framework; name = XCTest.framework; path = Library/Frameworks/XCTest.framework; sourceTree = DEVELOPER_DIR; };
		A959792119736A5D00CDD9B4 /* multiCameraTests-Info.plist */ = {isa = PBXFileReference; lastKnownFileType = text.plist.xml; path = "multiCameraTests-Info.plist"; sourceTree = "<group>"; };
		A959792319736A5D00CDD9B4 /* en */ = {isa = PBXFileReference; lastKnownFileType = text.plist.strings; name = en; path = en.lproj/InfoPlist.strings; sourceTree = "<group>"; };
		A959792519736A5D00CDD9B4 /* ToDoListObjCTests.m */ = {isa = PBXFileReference; lastKnownFileType = sourcecode.c.objc; path = ToDoListObjCTests.m; sourceTree = "<group>"; };
		A96C2BC9197C6EA3004CA957 /* XYZOverlayView.h */ = {isa = PBXFileReference; fileEncoding = 4; lastKnownFileType = sourcecode.c.h; path = XYZOverlayView.h; sourceTree = "<group>"; };
		A96C2BCA197C6EA3004CA957 /* XYZOverlayView.m */ = {isa = PBXFileReference; fileEncoding = 4; lastKnownFileType = sourcecode.c.objc; path = XYZOverlayView.m; sourceTree = "<group>"; };
		A96C2BCF197E1732004CA957 /* XYZPhotosTableViewController.h */ = {isa = PBXFileReference; fileEncoding = 4; lastKnownFileType = sourcecode.c.h; path = XYZPhotosTableViewController.h; sourceTree = "<group>"; };
		A96C2BD0197E1732004CA957 /* XYZPhotosTableViewController.m */ = {isa = PBXFileReference; fileEncoding = 4; lastKnownFileType = sourcecode.c.objc; path = XYZPhotosTableViewController.m; sourceTree = "<group>"; };
		A96C2BD2197E19CC004CA957 /* XYZPhoto.h */ = {isa = PBXFileReference; fileEncoding = 4; lastKnownFileType = sourcecode.c.h; path = XYZPhoto.h; sourceTree = "<group>"; };
		A96C2BD3197E19CC004CA957 /* XYZPhoto.m */ = {isa = PBXFileReference; fileEncoding = 4; lastKnownFileType = sourcecode.c.objc; path = XYZPhoto.m; sourceTree = "<group>"; };
		A9FC7DA2199333CA00103342 /* XYZImagePreview.h */ = {isa = PBXFileReference; fileEncoding = 4; lastKnownFileType = sourcecode.c.h; path = XYZImagePreview.h; sourceTree = "<group>"; };
		A9FC7DA3199333CA00103342 /* XYZImagePreview.m */ = {isa = PBXFileReference; fileEncoding = 4; lastKnownFileType = sourcecode.c.objc; path = XYZImagePreview.m; sourceTree = "<group>"; };
		A9FC7DA4199333CA00103342 /* XYZImagePreview.xib */ = {isa = PBXFileReference; fileEncoding = 4; lastKnownFileType = file.xib; path = XYZImagePreview.xib; sourceTree = "<group>"; };
/* End PBXFileReference section */

/* Begin PBXFrameworksBuildPhase section */
		A95978FA19736A5D00CDD9B4 /* Frameworks */ = {
			isa = PBXFrameworksBuildPhase;
			buildActionMask = 2147483647;
			files = (
				A9042CF61984744E0075317D /* AVFoundation.framework in Frameworks */,
				A959790319736A5D00CDD9B4 /* CoreGraphics.framework in Frameworks */,
				A959790519736A5D00CDD9B4 /* UIKit.framework in Frameworks */,
				A959790119736A5D00CDD9B4 /* Foundation.framework in Frameworks */,
			);
			runOnlyForDeploymentPostprocessing = 0;
		};
		A959791519736A5D00CDD9B4 /* Frameworks */ = {
			isa = PBXFrameworksBuildPhase;
			buildActionMask = 2147483647;
			files = (
				A959791A19736A5D00CDD9B4 /* XCTest.framework in Frameworks */,
				A959791C19736A5D00CDD9B4 /* UIKit.framework in Frameworks */,
				A959791B19736A5D00CDD9B4 /* Foundation.framework in Frameworks */,
			);
			runOnlyForDeploymentPostprocessing = 0;
		};
/* End PBXFrameworksBuildPhase section */

/* Begin PBXGroup section */
		A95978F419736A5D00CDD9B4 = {
			isa = PBXGroup;
			children = (
				A959790619736A5D00CDD9B4 /* ToDoListObjC */,
				A959791F19736A5D00CDD9B4 /* ToDoListObjCTests */,
				A95978FF19736A5D00CDD9B4 /* Frameworks */,
				A95978FE19736A5D00CDD9B4 /* Products */,
			);
			sourceTree = "<group>";
		};
		A95978FE19736A5D00CDD9B4 /* Products */ = {
			isa = PBXGroup;
			children = (
				A95978FD19736A5D00CDD9B4 /* multiCamera.app */,
				A959791819736A5D00CDD9B4 /* multiCameraTests.xctest */,
			);
			name = Products;
			sourceTree = "<group>";
		};
		A95978FF19736A5D00CDD9B4 /* Frameworks */ = {
			isa = PBXGroup;
			children = (
				A9042CF51984744E0075317D /* AVFoundation.framework */,
				A959790019736A5D00CDD9B4 /* Foundation.framework */,
				A959790219736A5D00CDD9B4 /* CoreGraphics.framework */,
				A959790419736A5D00CDD9B4 /* UIKit.framework */,
				A959791919736A5D00CDD9B4 /* XCTest.framework */,
			);
			name = Frameworks;
			sourceTree = "<group>";
		};
		A959790619736A5D00CDD9B4 /* ToDoListObjC */ = {
			isa = PBXGroup;
			children = (
				A959790F19736A5D00CDD9B4 /* XYZAppDelegate.h */,
				A959791019736A5D00CDD9B4 /* XYZAppDelegate.m */,
				A95771431974E615008FE243 /* Main.storyboard */,
				A96C2BCE197CADE5004CA957 /* Controllers */,
				A96C2BCD197CADDE004CA957 /* Models */,
				A96C2BCC197CADBC004CA957 /* Views */,
				A959791219736A5D00CDD9B4 /* Images.xcassets */,
				A959790719736A5D00CDD9B4 /* Supporting Files */,
			);
			path = ToDoListObjC;
			sourceTree = "<group>";
		};
		A959790719736A5D00CDD9B4 /* Supporting Files */ = {
			isa = PBXGroup;
			children = (
				A959790819736A5D00CDD9B4 /* multiCamera-Info.plist */,
				A959790919736A5D00CDD9B4 /* InfoPlist.strings */,
				A959790C19736A5D00CDD9B4 /* main.m */,
				A959790E19736A5D00CDD9B4 /* CameraOverlay-Prefix.pch */,
			);
			name = "Supporting Files";
			sourceTree = "<group>";
		};
		A959791F19736A5D00CDD9B4 /* ToDoListObjCTests */ = {
			isa = PBXGroup;
			children = (
				A959792519736A5D00CDD9B4 /* ToDoListObjCTests.m */,
				A959792019736A5D00CDD9B4 /* Supporting Files */,
			);
			path = ToDoListObjCTests;
			sourceTree = "<group>";
		};
		A959792019736A5D00CDD9B4 /* Supporting Files */ = {
			isa = PBXGroup;
			children = (
				A959792119736A5D00CDD9B4 /* multiCameraTests-Info.plist */,
				A959792219736A5D00CDD9B4 /* InfoPlist.strings */,
			);
			name = "Supporting Files";
			sourceTree = "<group>";
		};
		A96C2BCC197CADBC004CA957 /* Views */ = {
			isa = PBXGroup;
			children = (
				A96C2BC9197C6EA3004CA957 /* XYZOverlayView.h */,
				A96C2BCA197C6EA3004CA957 /* XYZOverlayView.m */,
				A9042CAB197F67AA0075317D /* overlayView.xib */,
				A9042CF0198472A50075317D /* XYZCameraViewController.h */,
				A9042CF1198472A50075317D /* XYZCameraViewController.m */,
				A9042CF2198472A50075317D /* XYZCameraViewController.xib */,
				A9FC7DA2199333CA00103342 /* XYZImagePreview.h */,
				A9FC7DA3199333CA00103342 /* XYZImagePreview.m */,
				A9FC7DA4199333CA00103342 /* XYZImagePreview.xib */,
			);
			name = Views;
			sourceTree = "<group>";
		};
		A96C2BCD197CADDE004CA957 /* Models */ = {
			isa = PBXGroup;
			children = (
				A957714B1974F5A2008FE243 /* XYZToDoItem.h */,
				A957714C1974F5A2008FE243 /* XYZToDoItem.m */,
				A96C2BD2197E19CC004CA957 /* XYZPhoto.h */,
				A96C2BD3197E19CC004CA957 /* XYZPhoto.m */,
			);
			name = Models;
			sourceTree = "<group>";
		};
		A96C2BCE197CADE5004CA957 /* Controllers */ = {
			isa = PBXGroup;
			children = (
				A95771481974F2BE008FE243 /* XYZToDoListTableViewController.h */,
				A95771491974F2BE008FE243 /* XYZToDoListTableViewController.m */,
				A96C2BCF197E1732004CA957 /* XYZPhotosTableViewController.h */,
				A96C2BD0197E1732004CA957 /* XYZPhotosTableViewController.m */,
				A914FE6D198586D4005B9FD8 /* XYZPhotoViewController.h */,
				A914FE6E198586D4005B9FD8 /* XYZPhotoViewController.m */,
			);
			name = Controllers;
			sourceTree = "<group>";
		};
/* End PBXGroup section */

/* Begin PBXNativeTarget section */
		A95978FC19736A5D00CDD9B4 /* multiCamera */ = {
			isa = PBXNativeTarget;
			buildConfigurationList = A959792919736A5D00CDD9B4 /* Build configuration list for PBXNativeTarget "multiCamera" */;
			buildPhases = (
				A95978F919736A5D00CDD9B4 /* Sources */,
				A95978FA19736A5D00CDD9B4 /* Frameworks */,
				A95978FB19736A5D00CDD9B4 /* Resources */,
			);
			buildRules = (
			);
			dependencies = (
			);
			name = multiCamera;
			productName = ToDoListObjC;
			productReference = A95978FD19736A5D00CDD9B4 /* multiCamera.app */;
			productType = "com.apple.product-type.application";
		};
		A959791719736A5D00CDD9B4 /* multiCameraTests */ = {
			isa = PBXNativeTarget;
			buildConfigurationList = A959792C19736A5D00CDD9B4 /* Build configuration list for PBXNativeTarget "multiCameraTests" */;
			buildPhases = (
				A959791419736A5D00CDD9B4 /* Sources */,
				A959791519736A5D00CDD9B4 /* Frameworks */,
				A959791619736A5D00CDD9B4 /* Resources */,
			);
			buildRules = (
			);
			dependencies = (
				A959791E19736A5D00CDD9B4 /* PBXTargetDependency */,
			);
			name = multiCameraTests;
			productName = ToDoListObjCTests;
			productReference = A959791819736A5D00CDD9B4 /* multiCameraTests.xctest */;
			productType = "com.apple.product-type.bundle.unit-test";
		};
/* End PBXNativeTarget section */

/* Begin PBXProject section */
		A95978F519736A5D00CDD9B4 /* Project object */ = {
			isa = PBXProject;
			attributes = {
				CLASSPREFIX = XYZ;
				LastUpgradeCheck = 0510;
				ORGANIZATIONNAME = "Matt Dick";
				TargetAttributes = {
					A959791719736A5D00CDD9B4 = {
						TestTargetID = A95978FC19736A5D00CDD9B4;
					};
				};
			};
			buildConfigurationList = A95978F819736A5D00CDD9B4 /* Build configuration list for PBXProject "multiCamera" */;
			compatibilityVersion = "Xcode 3.2";
			developmentRegion = English;
			hasScannedForEncodings = 0;
			knownRegions = (
				en,
			);
			mainGroup = A95978F419736A5D00CDD9B4;
			productRefGroup = A95978FE19736A5D00CDD9B4 /* Products */;
			projectDirPath = "";
			projectRoot = "";
			targets = (
				A95978FC19736A5D00CDD9B4 /* multiCamera */,
				A959791719736A5D00CDD9B4 /* multiCameraTests */,
			);
		};
/* End PBXProject section */

/* Begin PBXResourcesBuildPhase section */
		A95978FB19736A5D00CDD9B4 /* Resources */ = {
			isa = PBXResourcesBuildPhase;
			buildActionMask = 2147483647;
			files = (
				A9FC7DA6199333CA00103342 /* XYZImagePreview.xib in Resources */,
				A95771441974E615008FE243 /* Main.storyboard in Resources */,
				A9042CF4198472A50075317D /* XYZCameraViewController.xib in Resources */,
				A9042CAC197F67AA0075317D /* overlayView.xib in Resources */,
				A959790B19736A5D00CDD9B4 /* InfoPlist.strings in Resources */,
				A959791319736A5D00CDD9B4 /* Images.xcassets in Resources */,
			);
			runOnlyForDeploymentPostprocessing = 0;
		};
		A959791619736A5D00CDD9B4 /* Resources */ = {
			isa = PBXResourcesBuildPhase;
			buildActionMask = 2147483647;
			files = (
				A959792419736A5D00CDD9B4 /* InfoPlist.strings in Resources */,
			);
			runOnlyForDeploymentPostprocessing = 0;
		};
/* End PBXResourcesBuildPhase section */

/* Begin PBXSourcesBuildPhase section */
		A95978F919736A5D00CDD9B4 /* Sources */ = {
			isa = PBXSourcesBuildPhase;
			buildActionMask = 2147483647;
			files = (
				A9FC7DA5199333CA00103342 /* XYZImagePreview.m in Sources */,
				A96C2BD4197E19CC004CA957 /* XYZPhoto.m in Sources */,
				A96C2BD1197E1732004CA957 /* XYZPhotosTableViewController.m in Sources */,
				A96C2BCB197C6EA3004CA957 /* XYZOverlayView.m in Sources */,
				A914FE6F198586D4005B9FD8 /* XYZPhotoViewController.m in Sources */,
				A959791119736A5D00CDD9B4 /* XYZAppDelegate.m in Sources */,
				A957714D1974F5A2008FE243 /* XYZToDoItem.m in Sources */,
				A959790D19736A5D00CDD9B4 /* main.m in Sources */,
				A957714A1974F2BE008FE243 /* XYZToDoListTableViewController.m in Sources */,
				A9042CF3198472A50075317D /* XYZCameraViewController.m in Sources */,
			);
			runOnlyForDeploymentPostprocessing = 0;
		};
		A959791419736A5D00CDD9B4 /* Sources */ = {
			isa = PBXSourcesBuildPhase;
			buildActionMask = 2147483647;
			files = (
				A959792619736A5D00CDD9B4 /* ToDoListObjCTests.m in Sources */,
			);
			runOnlyForDeploymentPostprocessing = 0;
		};
/* End PBXSourcesBuildPhase section */

/* Begin PBXTargetDependency section */
		A959791E19736A5D00CDD9B4 /* PBXTargetDependency */ = {
			isa = PBXTargetDependency;
			target = A95978FC19736A5D00CDD9B4 /* multiCamera */;
			targetProxy = A959791D19736A5D00CDD9B4 /* PBXContainerItemProxy */;
		};
/* End PBXTargetDependency section */

/* Begin PBXVariantGroup section */
		A959790919736A5D00CDD9B4 /* InfoPlist.strings */ = {
			isa = PBXVariantGroup;
			children = (
				A959790A19736A5D00CDD9B4 /* en */,
			);
			name = InfoPlist.strings;
			sourceTree = "<group>";
		};
		A959792219736A5D00CDD9B4 /* InfoPlist.strings */ = {
			isa = PBXVariantGroup;
			children = (
				A959792319736A5D00CDD9B4 /* en */,
			);
			name = InfoPlist.strings;
			sourceTree = "<group>";
		};
/* End PBXVariantGroup section */

/* Begin XCBuildConfiguration section */
		A959792719736A5D00CDD9B4 /* Debug */ = {
			isa = XCBuildConfiguration;
			buildSettings = {
				ALWAYS_SEARCH_USER_PATHS = NO;
				CLANG_CXX_LANGUAGE_STANDARD = "gnu++0x";
				CLANG_CXX_LIBRARY = "libc++";
				CLANG_ENABLE_MODULES = YES;
				CLANG_ENABLE_OBJC_ARC = YES;
				CLANG_WARN_BOOL_CONVERSION = YES;
				CLANG_WARN_CONSTANT_CONVERSION = YES;
				CLANG_WARN_DIRECT_OBJC_ISA_USAGE = YES_ERROR;
				CLANG_WARN_EMPTY_BODY = YES;
				CLANG_WARN_ENUM_CONVERSION = YES;
				CLANG_WARN_INT_CONVERSION = YES;
				CLANG_WARN_OBJC_ROOT_CLASS = YES_ERROR;
				CLANG_WARN__DUPLICATE_METHOD_MATCH = YES;
				"CODE_SIGN_IDENTITY[sdk=iphoneos*]" = "iPhone Developer";
				COPY_PHASE_STRIP = NO;
				GCC_C_LANGUAGE_STANDARD = gnu99;
				GCC_DYNAMIC_NO_PIC = NO;
				GCC_OPTIMIZATION_LEVEL = 0;
				GCC_PREPROCESSOR_DEFINITIONS = (
					"DEBUG=1",
					"$(inherited)",
				);
				GCC_SYMBOLS_PRIVATE_EXTERN = NO;
				GCC_WARN_64_TO_32_BIT_CONVERSION = YES;
				GCC_WARN_ABOUT_RETURN_TYPE = YES_ERROR;
				GCC_WARN_UNDECLARED_SELECTOR = YES;
				GCC_WARN_UNINITIALIZED_AUTOS = YES_AGGRESSIVE;
				GCC_WARN_UNUSED_FUNCTION = YES;
				GCC_WARN_UNUSED_VARIABLE = YES;
				IPHONEOS_DEPLOYMENT_TARGET = 7.1;
				ONLY_ACTIVE_ARCH = YES;
				SDKROOT = iphoneos;
			};
			name = Debug;
		};
		A959792819736A5D00CDD9B4 /* Release */ = {
			isa = XCBuildConfiguration;
			buildSettings = {
				ALWAYS_SEARCH_USER_PATHS = NO;
				CLANG_CXX_LANGUAGE_STANDARD = "gnu++0x";
				CLANG_CXX_LIBRARY = "libc++";
				CLANG_ENABLE_MODULES = YES;
				CLANG_ENABLE_OBJC_ARC = YES;
				CLANG_WARN_BOOL_CONVERSION = YES;
				CLANG_WARN_CONSTANT_CONVERSION = YES;
				CLANG_WARN_DIRECT_OBJC_ISA_USAGE = YES_ERROR;
				CLANG_WARN_EMPTY_BODY = YES;
				CLANG_WARN_ENUM_CONVERSION = YES;
				CLANG_WARN_INT_CONVERSION = YES;
				CLANG_WARN_OBJC_ROOT_CLASS = YES_ERROR;
				CLANG_WARN__DUPLICATE_METHOD_MATCH = YES;
				"CODE_SIGN_IDENTITY[sdk=iphoneos*]" = "iPhone Developer";
				COPY_PHASE_STRIP = YES;
				ENABLE_NS_ASSERTIONS = NO;
				GCC_C_LANGUAGE_STANDARD = gnu99;
				GCC_WARN_64_TO_32_BIT_CONVERSION = YES;
				GCC_WARN_ABOUT_RETURN_TYPE = YES_ERROR;
				GCC_WARN_UNDECLARED_SELECTOR = YES;
				GCC_WARN_UNINITIALIZED_AUTOS = YES_AGGRESSIVE;
				GCC_WARN_UNUSED_FUNCTION = YES;
				GCC_WARN_UNUSED_VARIABLE = YES;
				IPHONEOS_DEPLOYMENT_TARGET = 7.1;
				SDKROOT = iphoneos;
				VALIDATE_PRODUCT = YES;
			};
			name = Release;
		};
		A959792A19736A5D00CDD9B4 /* Debug */ = {
			isa = XCBuildConfiguration;
			buildSettings = {
				ASSETCATALOG_COMPILER_APPICON_NAME = AppIcon;
				ASSETCATALOG_COMPILER_LAUNCHIMAGE_NAME = LaunchImage;
				GCC_PRECOMPILE_PREFIX_HEADER = YES;
				GCC_PREFIX_HEADER = "ToDoListObjC/multiCamera-Prefix.pch";
				INFOPLIST_FILE = "ToDoListObjC/multiCamera-Info.plist";
				PRODUCT_NAME = multiCamera;
				WRAPPER_EXTENSION = app;
			};
			name = Debug;
		};
		A959792B19736A5D00CDD9B4 /* Release */ = {
			isa = XCBuildConfiguration;
			buildSettings = {
				ASSETCATALOG_COMPILER_APPICON_NAME = AppIcon;
				ASSETCATALOG_COMPILER_LAUNCHIMAGE_NAME = LaunchImage;
				GCC_PRECOMPILE_PREFIX_HEADER = YES;
				GCC_PREFIX_HEADER = "ToDoListObjC/multiCamera-Prefix.pch";
				INFOPLIST_FILE = "ToDoListObjC/multiCamera-Info.plist";
				PRODUCT_NAME = multiCamera;
				WRAPPER_EXTENSION = app;
			};
			name = Release;
		};
		A959792D19736A5D00CDD9B4 /* Debug */ = {
			isa = XCBuildConfiguration;
			buildSettings = {
				BUNDLE_LOADER = "$(BUILT_PRODUCTS_DIR)/ToDoListObjC.app/ToDoListObjC";
				FRAMEWORK_SEARCH_PATHS = (
					"$(SDKROOT)/Developer/Library/Frameworks",
					"$(inherited)",
					"$(DEVELOPER_FRAMEWORKS_DIR)",
				);
				GCC_PRECOMPILE_PREFIX_HEADER = YES;
				GCC_PREFIX_HEADER = "ToDoListObjC/ToDoListObjC-Prefix.pch";
				GCC_PREPROCESSOR_DEFINITIONS = (
					"DEBUG=1",
					"$(inherited)",
				);
				INFOPLIST_FILE = "ToDoListObjCTests/multiCameraTests-Info.plist";
				PRODUCT_NAME = multiCameraTests;
				TEST_HOST = "$(BUNDLE_LOADER)";
				WRAPPER_EXTENSION = xctest;
			};
			name = Debug;
		};
		A959792E19736A5D00CDD9B4 /* Release */ = {
			isa = XCBuildConfiguration;
			buildSettings = {
				BUNDLE_LOADER = "$(BUILT_PRODUCTS_DIR)/ToDoListObjC.app/ToDoListObjC";
				FRAMEWORK_SEARCH_PATHS = (
					"$(SDKROOT)/Developer/Library/Frameworks",
					"$(inherited)",
					"$(DEVELOPER_FRAMEWORKS_DIR)",
				);
				GCC_PRECOMPILE_PREFIX_HEADER = YES;
				GCC_PREFIX_HEADER = "ToDoListObjC/ToDoListObjC-Prefix.pch";
				INFOPLIST_FILE = "ToDoListObjCTests/multiCameraTests-Info.plist";
				PRODUCT_NAME = multiCameraTests;
				TEST_HOST = "$(BUNDLE_LOADER)";
				WRAPPER_EXTENSION = xctest;
			};
			name = Release;
		};
/* End XCBuildConfiguration section */

/* Begin XCConfigurationList section */
		A95978F819736A5D00CDD9B4 /* Build configuration list for PBXProject "multiCamera" */ = {
			isa = XCConfigurationList;
			buildConfigurations = (
				A959792719736A5D00CDD9B4 /* Debug */,
				A959792819736A5D00CDD9B4 /* Release */,
			);
			defaultConfigurationIsVisible = 0;
			defaultConfigurationName = Release;
		};
		A959792919736A5D00CDD9B4 /* Build configuration list for PBXNativeTarget "multiCamera" */ = {
			isa = XCConfigurationList;
			buildConfigurations = (
				A959792A19736A5D00CDD9B4 /* Debug */,
				A959792B19736A5D00CDD9B4 /* Release */,
			);
			defaultConfigurationIsVisible = 0;
			defaultConfigurationName = Release;
		};
		A959792C19736A5D00CDD9B4 /* Build configuration list for PBXNativeTarget "multiCameraTests" */ = {
			isa = XCConfigurationList;
			buildConfigurations = (
				A959792D19736A5D00CDD9B4 /* Debug */,
				A959792E19736A5D00CDD9B4 /* Release */,
			);
			defaultConfigurationIsVisible = 0;
			defaultConfigurationName = Release;
		};
/* End XCConfigurationList section */
	};
	rootObject = A95978F519736A5D00CDD9B4 /* Project object */;
}
